
Microsoft Visual Studio Solution File, Format Version 12.00
# Visual Studio Version 17
VisualStudioVersion = 17.14.36327.8
MinimumVisualStudioVersion = 10.0.40219.1
Project("{FAE04EC0-301F-11D3-BF4B-00C04F79EFBC}") = "App.Repositories", "Repositories\App.Repositories.csproj", "{DEA95908-5E35-4062-ACF2-BAB9C4FF0D37}"
EndProject
Project("{FAE04EC0-301F-11D3-BF4B-00C04F79EFBC}") = "App.Services", "Services\App.Services.csproj", "{4214DA65-34D4-4585-977E-C786D75D57BA}"
EndProject
Project("{FAE04EC0-301F-11D3-BF4B-00C04F79EFBC}") = "App.API", "App.API\App.API.csproj", "{4BE29B21-4206-4200-A351-503BB0DA120D}"
EndProject
Project("{2150E333-8FDC-42A3-9474-1A3956D46DE8}") = "NLayer", "NLayer", "{02EA681E-C7D8-13C7-8484-4AC65E1B71E8}"
EndProject
Project("{2150E333-8FDC-42A3-9474-1A3956D46DE8}") = "CleanArchitecture", "CleanArchitecture", "{5739864A-3AFD-47DD-A58D-54FB14AFFF41}"
EndProject
Project("{2150E333-8FDC-42A3-9474-1A3956D46DE8}") = "src", "src", "{043E7A4C-1BF5-435B-812E-57F5C5E51D17}"
EndProject
Project("{2150E333-8FDC-42A3-9474-1A3956D46DE8}") = "test", "test", "{0DD7D039-2317-4FF0-BA00-5B0425CEC852}"
EndProject
Project("{2150E333-8FDC-42A3-9474-1A3956D46DE8}") = "Core", "Core", "{E6BA868C-FA16-4555-AE5F-34BD902E1172}"
EndProject
Project("{FAE04EC0-301F-11D3-BF4B-00C04F79EFBC}") = "App.Domain", "App.Domain\App.Domain.csproj", "{8DE1155E-4E44-420A-8007-B6488687AC1A}"
EndProject
Project("{FAE04EC0-301F-11D3-BF4B-00C04F79EFBC}") = "App.Application", "App.Application\App.Application.csproj", "{FB5BEA3A-1EF9-4AC5-8F28-7CB9FCCB360E}"
EndProject
Project("{2150E333-8FDC-42A3-9474-1A3956D46DE8}") = "Infrastructure", "Infrastructure", "{07B63357-FD6B-4458-81BA-897856CAA9C9}"
EndProject
Project("{FAE04EC0-301F-11D3-BF4B-00C04F79EFBC}") = "App.Persistence", "App.Persistence\App.Persistence.csproj", "{ABC1B537-4F4A-4B4E-8B9F-DFD79B2BCB6B}"
EndProject
Project("{2150E333-8FDC-42A3-9474-1A3956D46DE8}") = "API", "API", "{C5CEBBFB-84E0-4FF2-A3B7-8CF7D61EFB7C}"
EndProject
Project("{FAE04EC0-301F-11D3-BF4B-00C04F79EFBC}") = "CleanApp.API", "CleanApp.API\CleanApp.API.csproj", "{95FF900C-CE66-4ADA-8513-F8669D18D7CF}"
EndProject
Project("{FAE04EC0-301F-11D3-BF4B-00C04F79EFBC}") = "App.Caching", "App.Caching\App.Caching.csproj", "{AA24C95C-913C-4441-B0DA-360DB52B7854}"
EndProject
Project("{FAE04EC0-301F-11D3-BF4B-00C04F79EFBC}") = "App.Bus", "App.Bus\App.Bus.csproj", "{0F7077CB-2AB1-4A23-85A5-6A5DF1934B60}"
EndProject
Global
	GlobalSection(SolutionConfigurationPlatforms) = preSolution
		Debug|Any CPU = Debug|Any CPU
		Release|Any CPU = Release|Any CPU
	EndGlobalSection
	GlobalSection(ProjectConfigurationPlatforms) = postSolution
		{DEA95908-5E35-4062-ACF2-BAB9C4FF0D37}.Debug|Any CPU.ActiveCfg = Debug|Any CPU
		{DEA95908-5E35-4062-ACF2-BAB9C4FF0D37}.Debug|Any CPU.Build.0 = Debug|Any CPU
		{DEA95908-5E35-4062-ACF2-BAB9C4FF0D37}.Release|Any CPU.ActiveCfg = Release|Any CPU
		{DEA95908-5E35-4062-ACF2-BAB9C4FF0D37}.Release|Any CPU.Build.0 = Release|Any CPU
		{4214DA65-34D4-4585-977E-C786D75D57BA}.Debug|Any CPU.ActiveCfg = Debug|Any CPU
		{4214DA65-34D4-4585-977E-C786D75D57BA}.Debug|Any CPU.Build.0 = Debug|Any CPU
		{4214DA65-34D4-4585-977E-C786D75D57BA}.Release|Any CPU.ActiveCfg = Release|Any CPU
		{4214DA65-34D4-4585-977E-C786D75D57BA}.Release|Any CPU.Build.0 = Release|Any CPU
		{4BE29B21-4206-4200-A351-503BB0DA120D}.Debug|Any CPU.ActiveCfg = Debug|Any CPU
		{4BE29B21-4206-4200-A351-503BB0DA120D}.Debug|Any CPU.Build.0 = Debug|Any CPU
		{4BE29B21-4206-4200-A351-503BB0DA120D}.Release|Any CPU.ActiveCfg = Release|Any CPU
		{4BE29B21-4206-4200-A351-503BB0DA120D}.Release|Any CPU.Build.0 = Release|Any CPU
		{8DE1155E-4E44-420A-8007-B6488687AC1A}.Debug|Any CPU.ActiveCfg = Debug|Any CPU
		{8DE1155E-4E44-420A-8007-B6488687AC1A}.Debug|Any CPU.Build.0 = Debug|Any CPU
		{8DE1155E-4E44-420A-8007-B6488687AC1A}.Release|Any CPU.ActiveCfg = Release|Any CPU
		{8DE1155E-4E44-420A-8007-B6488687AC1A}.Release|Any CPU.Build.0 = Release|Any CPU
		{FB5BEA3A-1EF9-4AC5-8F28-7CB9FCCB360E}.Debug|Any CPU.ActiveCfg = Debug|Any CPU
		{FB5BEA3A-1EF9-4AC5-8F28-7CB9FCCB360E}.Debug|Any CPU.Build.0 = Debug|Any CPU
		{FB5BEA3A-1EF9-4AC5-8F28-7CB9FCCB360E}.Release|Any CPU.ActiveCfg = Release|Any CPU
		{FB5BEA3A-1EF9-4AC5-8F28-7CB9FCCB360E}.Release|Any CPU.Build.0 = Release|Any CPU
		{ABC1B537-4F4A-4B4E-8B9F-DFD79B2BCB6B}.Debug|Any CPU.ActiveCfg = Debug|Any CPU
		{ABC1B537-4F4A-4B4E-8B9F-DFD79B2BCB6B}.Debug|Any CPU.Build.0 = Debug|Any CPU
		{ABC1B537-4F4A-4B4E-8B9F-DFD79B2BCB6B}.Release|Any CPU.ActiveCfg = Release|Any CPU
		{ABC1B537-4F4A-4B4E-8B9F-DFD79B2BCB6B}.Release|Any CPU.Build.0 = Release|Any CPU
		{95FF900C-CE66-4ADA-8513-F8669D18D7CF}.Debug|Any CPU.ActiveCfg = Debug|Any CPU
		{95FF900C-CE66-4ADA-8513-F8669D18D7CF}.Debug|Any CPU.Build.0 = Debug|Any CPU
		{95FF900C-CE66-4ADA-8513-F8669D18D7CF}.Release|Any CPU.ActiveCfg = Release|Any CPU
		{95FF900C-CE66-4ADA-8513-F8669D18D7CF}.Release|Any CPU.Build.0 = Release|Any CPU
		{AA24C95C-913C-4441-B0DA-360DB52B7854}.Debug|Any CPU.ActiveCfg = Debug|Any CPU
		{AA24C95C-913C-4441-B0DA-360DB52B7854}.Debug|Any CPU.Build.0 = Debug|Any CPU
		{AA24C95C-913C-4441-B0DA-360DB52B7854}.Release|Any CPU.ActiveCfg = Release|Any CPU
		{AA24C95C-913C-4441-B0DA-360DB52B7854}.Release|Any CPU.Build.0 = Release|Any CPU
		{0F7077CB-2AB1-4A23-85A5-6A5DF1934B60}.Debug|Any CPU.ActiveCfg = Debug|Any CPU
		{0F7077CB-2AB1-4A23-85A5-6A5DF1934B60}.Debug|Any CPU.Build.0 = Debug|Any CPU
		{0F7077CB-2AB1-4A23-85A5-6A5DF1934B60}.Release|Any CPU.ActiveCfg = Release|Any CPU
		{0F7077CB-2AB1-4A23-85A5-6A5DF1934B60}.Release|Any CPU.Build.0 = Release|Any CPU
	EndGlobalSection
	GlobalSection(SolutionProperties) = preSolution
		HideSolutionNode = FALSE
	EndGlobalSection
	GlobalSection(NestedProjects) = preSolution
		{DEA95908-5E35-4062-ACF2-BAB9C4FF0D37} = {02EA681E-C7D8-13C7-8484-4AC65E1B71E8}
		{4214DA65-34D4-4585-977E-C786D75D57BA} = {02EA681E-C7D8-13C7-8484-4AC65E1B71E8}
		{4BE29B21-4206-4200-A351-503BB0DA120D} = {02EA681E-C7D8-13C7-8484-4AC65E1B71E8}
		{043E7A4C-1BF5-435B-812E-57F5C5E51D17} = {5739864A-3AFD-47DD-A58D-54FB14AFFF41}
		{0DD7D039-2317-4FF0-BA00-5B0425CEC852} = {5739864A-3AFD-47DD-A58D-54FB14AFFF41}
		{E6BA868C-FA16-4555-AE5F-34BD902E1172} = {043E7A4C-1BF5-435B-812E-57F5C5E51D17}
		{8DE1155E-4E44-420A-8007-B6488687AC1A} = {E6BA868C-FA16-4555-AE5F-34BD902E1172}
		{FB5BEA3A-1EF9-4AC5-8F28-7CB9FCCB360E} = {E6BA868C-FA16-4555-AE5F-34BD902E1172}
		{07B63357-FD6B-4458-81BA-897856CAA9C9} = {043E7A4C-1BF5-435B-812E-57F5C5E51D17}
		{ABC1B537-4F4A-4B4E-8B9F-DFD79B2BCB6B} = {07B63357-FD6B-4458-81BA-897856CAA9C9}
		{C5CEBBFB-84E0-4FF2-A3B7-8CF7D61EFB7C} = {043E7A4C-1BF5-435B-812E-57F5C5E51D17}
		{95FF900C-CE66-4ADA-8513-F8669D18D7CF} = {C5CEBBFB-84E0-4FF2-A3B7-8CF7D61EFB7C}
		{AA24C95C-913C-4441-B0DA-360DB52B7854} = {07B63357-FD6B-4458-81BA-897856CAA9C9}
		{0F7077CB-2AB1-4A23-85A5-6A5DF1934B60} = {07B63357-FD6B-4458-81BA-897856CAA9C9}
	EndGlobalSection
	GlobalSection(ExtensibilityGlobals) = postSolution
		SolutionGuid = {D13B0B8A-01D9-4BF5-AA61-78D39E93CFD7}
	EndGlobalSection
EndGlobal
